
Microsoft Visual Studio Solution File, Format Version 12.00
# Visual Studio Version 17
VisualStudioVersion = 17.4.33403.182
MinimumVisualStudioVersion = 10.0.40219.1
Project("{8BC9CEB8-8B4A-11D0-8D11-00A0C91BC942}") = "hello-world", "hello-world\hello-world.vcxproj", "{25C88C71-F949-447B-902F-31CF0DDE235C}"
EndProject
Global
	GlobalSection(SolutionConfigurationPlatforms) = preSolution
		Debug|x64 = Debug|x64
		Debug|x86 = Debug|x86
		Release|x64 = Release|x64
		Release|x86 = Release|x86
	EndGlobalSection
	GlobalSection(ProjectConfigurationPlatforms) = postSolution
		{25C88C71-F949-447B-902F-31CF0DDE235C}.Debug|x64.ActiveCfg = Debug|x64
		{25C88C71-F949-447B-902F-31CF0DDE235C}.Debug|x64.Build.0 = Debug|x64
		{25C88C71-F949-447B-902F-31CF0DDE235C}.Debug|x86.ActiveCfg = Debug|Win32
		{25C88C71-F949-447B-902F-31CF0DDE235C}.Debug|x86.Build.0 = Debug|Win32
		{25C88C71-F949-447B-902F-31CF0DDE235C}.Release|x64.ActiveCfg = Release|x64
		{25C88C71-F949-447B-902F-31CF0DDE235C}.Release|x64.Build.0 = Release|x64
		{25C88C71-F949-447B-902F-31CF0DDE235C}.Release|x86.ActiveCfg = Release|Win32
		{25C88C71-F949-447B-902F-31CF0DDE235C}.Release|x86.Build.0 = Release|Win32
	EndGlobalSection
	GlobalSection(SolutionProperties) = preSolution
		HideSolutionNode = FALSE
	EndGlobalSection
	GlobalSection(ExtensibilityGlobals) = postSolution
		SolutionGuid = {4B5748A2-18B1-49E1-8C5B-703315E52964}
	EndGlobalSection
EndGlobal
